// !$*UTF8*$!
{
	archiveVersion = 1;
	classes = {
	};
	objectVersion = 48;
	objects = {

/* Begin PBXBuildFile section */
		180CCC8121C51FE900E8CEC9 /* AppDelegate.swift in Sources */ = {isa = PBXBuildFile; fileRef = 180CCC8021C51FE900E8CEC9 /* AppDelegate.swift */; };
		180CCC8321C51FE900E8CEC9 /* ViewController.swift in Sources */ = {isa = PBXBuildFile; fileRef = 180CCC8221C51FE900E8CEC9 /* ViewController.swift */; };
		180CCC8621C51FE900E8CEC9 /* Main.storyboard in Resources */ = {isa = PBXBuildFile; fileRef = 180CCC8421C51FE900E8CEC9 /* Main.storyboard */; };
		180CCC8821C51FE900E8CEC9 /* Assets.xcassets in Resources */ = {isa = PBXBuildFile; fileRef = 180CCC8721C51FE900E8CEC9 /* Assets.xcassets */; };
		180CCC8B21C51FE900E8CEC9 /* LaunchScreen.storyboard in Resources */ = {isa = PBXBuildFile; fileRef = 180CCC8921C51FE900E8CEC9 /* LaunchScreen.storyboard */; };
		180CCC9621C51FE900E8CEC9 /* transitionTests.swift in Sources */ = {isa = PBXBuildFile; fileRef = 180CCC9521C51FE900E8CEC9 /* transitionTests.swift */; };
/* End PBXBuildFile section */

/* Begin PBXContainerItemProxy section */
		180CCC9221C51FE900E8CEC9 /* PBXContainerItemProxy */ = {
			isa = PBXContainerItemProxy;
			containerPortal = 180CCC7521C51FE900E8CEC9 /* Project object */;
			proxyType = 1;
			remoteGlobalIDString = 180CCC7C21C51FE900E8CEC9;
			remoteInfo = transition;
		};
/* End PBXContainerItemProxy section */

/* Begin PBXFileReference section */
		180CCC7D21C51FE900E8CEC9 /* transition.app */ = {isa = PBXFileReference; explicitFileType = wrapper.application; includeInIndex = 0; path = transition.app; sourceTree = BUILT_PRODUCTS_DIR; };
		180CCC8021C51FE900E8CEC9 /* AppDelegate.swift */ = {isa = PBXFileReference; lastKnownFileType = sourcecode.swift; path = AppDelegate.swift; sourceTree = "<group>"; };
		180CCC8221C51FE900E8CEC9 /* ViewController.swift */ = {isa = PBXFileReference; lastKnownFileType = sourcecode.swift; path = ViewController.swift; sourceTree = "<group>"; };
		180CCC8521C51FE900E8CEC9 /* Base */ = {isa = PBXFileReference; lastKnownFileType = file.storyboard; name = Base; path = Base.lproj/Main.storyboard; sourceTree = "<group>"; };
		180CCC8721C51FE900E8CEC9 /* Assets.xcassets */ = {isa = PBXFileReference; lastKnownFileType = folder.assetcatalog; path = Assets.xcassets; sourceTree = "<group>"; };
		180CCC8A21C51FE900E8CEC9 /* Base */ = {isa = PBXFileReference; lastKnownFileType = file.storyboard; name = Base; path = Base.lproj/LaunchScreen.storyboard; sourceTree = "<group>"; };
		180CCC8C21C51FE900E8CEC9 /* Info.plist */ = {isa = PBXFileReference; lastKnownFileType = text.plist.xml; path = Info.plist; sourceTree = "<group>"; };
		180CCC9121C51FE900E8CEC9 /* transitionTests.xctest */ = {isa = PBXFileReference; explicitFileType = wrapper.cfbundle; includeInIndex = 0; path = transitionTests.xctest; sourceTree = BUILT_PRODUCTS_DIR; };
		180CCC9521C51FE900E8CEC9 /* transitionTests.swift */ = {isa = PBXFileReference; lastKnownFileType = sourcecode.swift; path = transitionTests.swift; sourceTree = "<group>"; };
		180CCC9721C51FEA00E8CEC9 /* Info.plist */ = {isa = PBXFileReference; lastKnownFileType = text.plist.xml; path = Info.plist; sourceTree = "<group>"; };
/* End PBXFileReference section */

/* Begin PBXFrameworksBuildPhase section */
		180CCC7A21C51FE900E8CEC9 /* Frameworks */ = {
			isa = PBXFrameworksBuildPhase;
			buildActionMask = 2147483647;
			files = (
			);
			runOnlyForDeploymentPostprocessing = 0;
		};
		180CCC8E21C51FE900E8CEC9 /* Frameworks */ = {
			isa = PBXFrameworksBuildPhase;
			buildActionMask = 2147483647;
			files = (
			);
			runOnlyForDeploymentPostprocessing = 0;
		};
/* End PBXFrameworksBuildPhase section */

/* Begin PBXGroup section */
		180CCC7421C51FE900E8CEC9 = {
			isa = PBXGroup;
			children = (
				180CCC7F21C51FE900E8CEC9 /* transition */,
				180CCC9421C51FE900E8CEC9 /* transitionTests */,
				180CCC7E21C51FE900E8CEC9 /* Products */,
			);
			sourceTree = "<group>";
		};
		180CCC7E21C51FE900E8CEC9 /* Products */ = {
			isa = PBXGroup;
			children = (
				180CCC7D21C51FE900E8CEC9 /* transition.app */,
				180CCC9121C51FE900E8CEC9 /* transitionTests.xctest */,
			);
			name = Products;
			sourceTree = "<group>";
		};
		180CCC7F21C51FE900E8CEC9 /* transition */ = {
			isa = PBXGroup;
			children = (
				180CCC8021C51FE900E8CEC9 /* AppDelegate.swift */,
				180CCC8221C51FE900E8CEC9 /* ViewController.swift */,
				180CCC8421C51FE900E8CEC9 /* Main.storyboard */,
				180CCC8721C51FE900E8CEC9 /* Assets.xcassets */,
				180CCC8921C51FE900E8CEC9 /* LaunchScreen.storyboard */,
				180CCC8C21C51FE900E8CEC9 /* Info.plist */,
			);
			path = transition;
			sourceTree = "<group>";
		};
		180CCC9421C51FE900E8CEC9 /* transitionTests */ = {
			isa = PBXGroup;
			children = (
				180CCC9521C51FE900E8CEC9 /* transitionTests.swift */,
				180CCC9721C51FEA00E8CEC9 /* Info.plist */,
			);
			path = transitionTests;
			sourceTree = "<group>";
		};
/* End PBXGroup section */

/* Begin PBXNativeTarget section */
		180CCC7C21C51FE900E8CEC9 /* transition */ = {
			isa = PBXNativeTarget;
			buildConfigurationList = 180CCC9A21C51FEA00E8CEC9 /* Build configuration list for PBXNativeTarget "transition" */;
			buildPhases = (
				180CCC7921C51FE900E8CEC9 /* Sources */,
				180CCC7A21C51FE900E8CEC9 /* Frameworks */,
				180CCC7B21C51FE900E8CEC9 /* Resources */,
			);
			buildRules = (
			);
			dependencies = (
			);
			name = transition;
			productName = transition;
			productReference = 180CCC7D21C51FE900E8CEC9 /* transition.app */;
			productType = "com.apple.product-type.application";
		};
		180CCC9021C51FE900E8CEC9 /* transitionTests */ = {
			isa = PBXNativeTarget;
			buildConfigurationList = 180CCC9D21C51FEA00E8CEC9 /* Build configuration list for PBXNativeTarget "transitionTests" */;
			buildPhases = (
				180CCC8D21C51FE900E8CEC9 /* Sources */,
				180CCC8E21C51FE900E8CEC9 /* Frameworks */,
				180CCC8F21C51FE900E8CEC9 /* Resources */,
			);
			buildRules = (
			);
			dependencies = (
				180CCC9321C51FE900E8CEC9 /* PBXTargetDependency */,
			);
			name = transitionTests;
			productName = transitionTests;
			productReference = 180CCC9121C51FE900E8CEC9 /* transitionTests.xctest */;
			productType = "com.apple.product-type.bundle.unit-test";
		};
/* End PBXNativeTarget section */

/* Begin PBXProject section */
		180CCC7521C51FE900E8CEC9 /* Project object */ = {
			isa = PBXProject;
			attributes = {
				LastSwiftUpdateCheck = 0900;
				LastUpgradeCheck = 0900;
				ORGANIZATIONNAME = yls;
				TargetAttributes = {
					180CCC7C21C51FE900E8CEC9 = {
						CreatedOnToolsVersion = 9.0;
						ProvisioningStyle = Automatic;
					};
					180CCC9021C51FE900E8CEC9 = {
						CreatedOnToolsVersion = 9.0;
						ProvisioningStyle = Automatic;
						TestTargetID = 180CCC7C21C51FE900E8CEC9;
					};
				};
			};
			buildConfigurationList = 180CCC7821C51FE900E8CEC9 /* Build configuration list for PBXProject "transition" */;
			compatibilityVersion = "Xcode 8.0";
			developmentRegion = en;
			hasScannedForEncodings = 0;
			knownRegions = (
				en,
				Base,
			);
			mainGroup = 180CCC7421C51FE900E8CEC9;
			productRefGroup = 180CCC7E21C51FE900E8CEC9 /* Products */;
			projectDirPath = "";
			projectRoot = "";
			targets = (
				180CCC7C21C51FE900E8CEC9 /* transition */,
				180CCC9021C51FE900E8CEC9 /* transitionTests */,
			);
		};
/* End PBXProject section */

/* Begin PBXResourcesBuildPhase section */
		180CCC7B21C51FE900E8CEC9 /* Resources */ = {
			isa = PBXResourcesBuildPhase;
			buildActionMask = 2147483647;
			files = (
				180CCC8B21C51FE900E8CEC9 /* LaunchScreen.storyboard in Resources */,
				180CCC8821C51FE900E8CEC9 /* Assets.xcassets in Resources */,
				180CCC8621C51FE900E8CEC9 /* Main.storyboard in Resources */,
			);
			runOnlyForDeploymentPostprocessing = 0;
		};
		180CCC8F21C51FE900E8CEC9 /* Resources */ = {
			isa = PBXResourcesBuildPhase;
			buildActionMask = 2147483647;
			files = (
			);
			runOnlyForDeploymentPostprocessing = 0;
		};
/* End PBXResourcesBuildPhase section */

/* Begin PBXSourcesBuildPhase section */
		180CCC7921C51FE900E8CEC9 /* Sources */ = {
			isa = PBXSourcesBuildPhase;
			buildActionMask = 2147483647;
			files = (
				180CCC8321C51FE900E8CEC9 /* ViewController.swift in Sources */,
				180CCC8121C51FE900E8CEC9 /* AppDelegate.swift in Sources */,
			);
			runOnlyForDeploymentPostprocessing = 0;
		};
		180CCC8D21C51FE900E8CEC9 /* Sources */ = {
			isa = PBXSourcesBuildPhase;
			buildActionMask = 2147483647;
			files = (
				180CCC9621C51FE900E8CEC9 /* transitionTests.swift in Sources */,
			);
			runOnlyForDeploymentPostprocessing = 0;
		};
/* End PBXSourcesBuildPhase section */

/* Begin PBXTargetDependency section */
		180CCC9321C51FE900E8CEC9 /* PBXTargetDependency */ = {
			isa = PBXTargetDependency;
			target = 180CCC7C21C51FE900E8CEC9 /* transition */;
			targetProxy = 180CCC9221C51FE900E8CEC9 /* PBXContainerItemProxy */;
		};
/* End PBXTargetDependency section */

/* Begin PBXVariantGroup section */
		180CCC8421C51FE900E8CEC9 /* Main.storyboard */ = {
			isa = PBXVariantGroup;
			children = (
				180CCC8521C51FE900E8CEC9 /* Base */,
			);
			name = Main.storyboard;
			sourceTree = "<group>";
		};
		180CCC8921C51FE900E8CEC9 /* LaunchScreen.storyboard */ = {
			isa = PBXVariantGroup;
			children = (
				180CCC8A21C51FE900E8CEC9 /* Base */,
			);
			name = LaunchScreen.storyboard;
			sourceTree = "<group>";
		};
/* End PBXVariantGroup section */

/* Begin XCBuildConfiguration section */
		180CCC9821C51FEA00E8CEC9 /* Debug */ = {
			isa = XCBuildConfiguration;
			buildSettings = {
				ALWAYS_SEARCH_USER_PATHS = NO;
				CLANG_ANALYZER_NONNULL = YES;
				CLANG_ANALYZER_NUMBER_OBJECT_CONVERSION = YES_AGGRESSIVE;
				CLANG_CXX_LANGUAGE_STANDARD = "gnu++14";
				CLANG_CXX_LIBRARY = "libc++";
				CLANG_ENABLE_MODULES = YES;
				CLANG_ENABLE_OBJC_ARC = YES;
				CLANG_WARN_BLOCK_CAPTURE_AUTORELEASING = YES;
				CLANG_WARN_BOOL_CONVERSION = YES;
				CLANG_WARN_COMMA = YES;
				CLANG_WARN_CONSTANT_CONVERSION = YES;
				CLANG_WARN_DIRECT_OBJC_ISA_USAGE = YES_ERROR;
				CLANG_WARN_DOCUMENTATION_COMMENTS = YES;
				CLANG_WARN_EMPTY_BODY = YES;
				CLANG_WARN_ENUM_CONVERSION = YES;
				CLANG_WARN_INFINITE_RECURSION = YES;
				CLANG_WARN_INT_CONVERSION = YES;
				CLANG_WARN_NON_LITERAL_NULL_CONVERSION = YES;
				CLANG_WARN_OBJC_LITERAL_CONVERSION = YES;
				CLANG_WARN_OBJC_ROOT_CLASS = YES_ERROR;
				CLANG_WARN_RANGE_LOOP_ANALYSIS = YES;
				CLANG_WARN_STRICT_PROTOTYPES = YES;
				CLANG_WARN_SUSPICIOUS_MOVE = YES;
				CLANG_WARN_UNGUARDED_AVAILABILITY = YES_AGGRESSIVE;
				CLANG_WARN_UNREACHABLE_CODE = YES;
				CLANG_WARN__DUPLICATE_METHOD_MATCH = YES;
				CODE_SIGN_IDENTITY = "iPhone Developer";
				COPY_PHASE_STRIP = NO;
				DEBUG_INFORMATION_FORMAT = dwarf;
				ENABLE_STRICT_OBJC_MSGSEND = YES;
				ENABLE_TESTABILITY = YES;
				GCC_C_LANGUAGE_STANDARD = gnu11;
				GCC_DYNAMIC_NO_PIC = NO;
				GCC_NO_COMMON_BLOCKS = YES;
				GCC_OPTIMIZATION_LEVEL = 0;
				GCC_PREPROCESSOR_DEFINITIONS = (
					"DEBUG=1",
					"$(inherited)",
				);
				GCC_WARN_64_TO_32_BIT_CONVERSION = YES;
				GCC_WARN_ABOUT_RETURN_TYPE = YES_ERROR;
				GCC_WARN_UNDECLARED_SELECTOR = YES;
				GCC_WARN_UNINITIALIZED_AUTOS = YES_AGGRESSIVE;
				GCC_WARN_UNUSED_FUNCTION = YES;
				GCC_WARN_UNUSED_VARIABLE = YES;
				IPHONEOS_DEPLOYMENT_TARGET = 11.0;
				MTL_ENABLE_DEBUG_INFO = YES;
				ONLY_ACTIVE_ARCH = YES;
				SDKROOT = iphoneos;
				SWIFT_ACTIVE_COMPILATION_CONDITIONS = DEBUG;
				SWIFT_OPTIMIZATION_LEVEL = "-Onone";
			};
			name = Debug;
		};
		180CCC9921C51FEA00E8CEC9 /* Release */ = {
			isa = XCBuildConfiguration;
			buildSettings = {
				ALWAYS_SEARCH_USER_PATHS = NO;
				CLANG_ANALYZER_NONNULL = YES;
				CLANG_ANALYZER_NUMBER_OBJECT_CONVERSION = YES_AGGRESSIVE;
				CLANG_CXX_LANGUAGE_STANDARD = "gnu++14";
				CLANG_CXX_LIBRARY = "libc++";
				CLANG_ENABLE_MODULES = YES;
				CLANG_ENABLE_OBJC_ARC = YES;
				CLANG_WARN_BLOCK_CAPTURE_AUTORELEASING = YES;
				CLANG_WARN_BOOL_CONVERSION = YES;
				CLANG_WARN_COMMA = YES;
				CLANG_WARN_CONSTANT_CONVERSION = YES;
				CLANG_WARN_DIRECT_OBJC_ISA_USAGE = YES_ERROR;
				CLANG_WARN_DOCUMENTATION_COMMENTS = YES;
				CLANG_WARN_EMPTY_BODY = YES;
				CLANG_WARN_ENUM_CONVERSION = YES;
				CLANG_WARN_INFINITE_RECURSION = YES;
				CLANG_WARN_INT_CONVERSION = YES;
				CLANG_WARN_NON_LITERAL_NULL_CONVERSION = YES;
				CLANG_WARN_OBJC_LITERAL_CONVERSION = YES;
				CLANG_WARN_OBJC_ROOT_CLASS = YES_ERROR;
				CLANG_WARN_RANGE_LOOP_ANALYSIS = YES;
				CLANG_WARN_STRICT_PROTOTYPES = YES;
				CLANG_WARN_SUSPICIOUS_MOVE = YES;
				CLANG_WARN_UNGUARDED_AVAILABILITY = YES_AGGRESSIVE;
				CLANG_WARN_UNREACHABLE_CODE = YES;
				CLANG_WARN__DUPLICATE_METHOD_MATCH = YES;
				CODE_SIGN_IDENTITY = "iPhone Developer";
				COPY_PHASE_STRIP = NO;
				DEBUG_INFORMATION_FORMAT = "dwarf-with-dsym";
				ENABLE_NS_ASSERTIONS = NO;
				ENABLE_STRICT_OBJC_MSGSEND = YES;
				GCC_C_LANGUAGE_STANDARD = gnu11;
				GCC_NO_COMMON_BLOCKS = YES;
				GCC_WARN_64_TO_32_BIT_CONVERSION = YES;
				GCC_WARN_ABOUT_RETURN_TYPE = YES_ERROR;
				GCC_WARN_UNDECLARED_SELECTOR = YES;
				GCC_WARN_UNINITIALIZED_AUTOS = YES_AGGRESSIVE;
				GCC_WARN_UNUSED_FUNCTION = YES;
				GCC_WARN_UNUSED_VARIABLE = YES;
				IPHONEOS_DEPLOYMENT_TARGET = 11.0;
				MTL_ENABLE_DEBUG_INFO = NO;
				SDKROOT = iphoneos;
				SWIFT_OPTIMIZATION_LEVEL = "-Owholemodule";
				VALIDATE_PRODUCT = YES;
			};
			name = Release;
		};
		180CCC9B21C51FEA00E8CEC9 /* Debug */ = {
			isa = XCBuildConfiguration;
			buildSettings = {
				ASSETCATALOG_COMPILER_APPICON_NAME = AppIcon;
				CODE_SIGN_STYLE = Automatic;
				INFOPLIST_FILE = transition/Info.plist;
				LD_RUNPATH_SEARCH_PATHS = "$(inherited) @executable_path/Frameworks";
				PRODUCT_BUNDLE_IDENTIFIER = "-016110349.transition";
				PRODUCT_NAME = "$(TARGET_NAME)";
				SWIFT_VERSION = 4.0;
				TARGETED_DEVICE_FAMILY = "1,2";
			};
			name = Debug;
		};
		180CCC9C21C51FEA00E8CEC9 /* Release */ = {
			isa = XCBuildConfiguration;
			buildSettings = {
				ASSETCATALOG_COMPILER_APPICON_NAME = AppIcon;
				CODE_SIGN_STYLE = Automatic;
				INFOPLIST_FILE = transition/Info.plist;
				LD_RUNPATH_SEARCH_PATHS = "$(inherited) @executable_path/Frameworks";
				PRODUCT_BUNDLE_IDENTIFIER = "-016110349.transition";
				PRODUCT_NAME = "$(TARGET_NAME)";
				SWIFT_VERSION = 4.0;
				TARGETED_DEVICE_FAMILY = "1,2";
			};
			name = Release;
		};
		180CCC9E21C51FEA00E8CEC9 /* Debug */ = {
			isa = XCBuildConfiguration;
			buildSettings = {
				ALWAYS_EMBED_SWIFT_STANDARD_LIBRARIES = YES;
				BUNDLE_LOADER = "$(TEST_HOST)";
				CODE_SIGN_STYLE = Automatic;
				INFOPLIST_FILE = transitionTests/Info.plist;
				LD_RUNPATH_SEARCH_PATHS = "$(inherited) @executable_path/Frameworks @loader_path/Frameworks";
				PRODUCT_BUNDLE_IDENTIFIER = "-016110349.transitionTests";
				PRODUCT_NAME = "$(TARGET_NAME)";
				SWIFT_VERSION = 4.0;
				TARGETED_DEVICE_FAMILY = "1,2";
				TEST_HOST = "$(BUILT_PRODUCTS_DIR)/transition.app/transition";
			};
			name = Debug;
		};
		180CCC9F21C51FEA00E8CEC9 /* Release */ = {
			isa = XCBuildConfiguration;
			buildSettings = {
				ALWAYS_EMBED_SWIFT_STANDARD_LIBRARIES = YES;
				BUNDLE_LOADER = "$(TEST_HOST)";
				CODE_SIGN_STYLE = Automatic;
				INFOPLIST_FILE = transitionTests/Info.plist;
				LD_RUNPATH_SEARCH_PATHS = "$(inherited) @executable_path/Frameworks @loader_path/Frameworks";
				PRODUCT_BUNDLE_IDENTIFIER = "-016110349.transitionTests";
				PRODUCT_NAME = "$(TARGET_NAME)";
				SWIFT_VERSION = 4.0;
				TARGETED_DEVICE_FAMILY = "1,2";
				TEST_HOST = "$(BUILT_PRODUCTS_DIR)/transition.app/transition";
			};
			name = Release;
		};
/* End XCBuildConfiguration section */

/* Begin XCConfigurationList section */
		180CCC7821C51FE900E8CEC9 /* Build configuration list for PBXProject "transition" */ = {
			isa = XCConfigurationList;
			buildConfigurations = (
				180CCC9821C51FEA00E8CEC9 /* Debug */,
				180CCC9921C51FEA00E8CEC9 /* Release */,
			);
			defaultConfigurationIsVisible = 0;
			defaultConfigurationName = Release;
		};
		180CCC9A21C51FEA00E8CEC9 /* Build configuration list for PBXNativeTarget "transition" */ = {
			isa = XCConfigurationList;
			buildConfigurations = (
				180CCC9B21C51FEA00E8CEC9 /* Debug */,
				180CCC9C21C51FEA00E8CEC9 /* Release */,
			);
			defaultConfigurationIsVisible = 0;
			defaultConfigurationName = Release;
		};
		180CCC9D21C51FEA00E8CEC9 /* Build configuration list for PBXNativeTarget "transitionTests" */ = {
			isa = XCConfigurationList;
			buildConfigurations = (
				180CCC9E21C51FEA00E8CEC9 /* Debug */,
				180CCC9F21C51FEA00E8CEC9 /* Release */,
			);
			defaultConfigurationIsVisible = 0;
			defaultConfigurationName = Release;
		};
/* End XCConfigurationList section */
	};
	rootObject = 180CCC7521C51FE900E8CEC9 /* Project object */;
}
